// !$*UTF8*$!
{
	archiveVersion = 1;
	classes = {
	};
	objectVersion = 46;
	objects = {

/* Begin PBXBuildFile section */
		D343D1231BB400730084323B /* AppDelegate.swift in Sources */ = {isa = PBXBuildFile; fileRef = D343D1221BB400730084323B /* AppDelegate.swift */; };
		D343D1251BB400730084323B /* ViewController.swift in Sources */ = {isa = PBXBuildFile; fileRef = D343D1241BB400730084323B /* ViewController.swift */; };
		D343D1271BB400730084323B /* Assets.xcassets in Resources */ = {isa = PBXBuildFile; fileRef = D343D1261BB400730084323B /* Assets.xcassets */; };
		D343D12A1BB400730084323B /* Main.storyboard in Resources */ = {isa = PBXBuildFile; fileRef = D343D1281BB400730084323B /* Main.storyboard */; };
		D343D1351BB400730084323B /* SubripTests.swift in Sources */ = {isa = PBXBuildFile; fileRef = D343D1341BB400730084323B /* SubripTests.swift */; };
		D343D1401BB410F70084323B /* SubtitleConverter.swift in Sources */ = {isa = PBXBuildFile; fileRef = D343D13F1BB410F70084323B /* SubtitleConverter.swift */; settings = {ASSET_TAGS = (); }; };
		D343D1421BB413650084323B /* SubtitleLine.swift in Sources */ = {isa = PBXBuildFile; fileRef = D343D1411BB413650084323B /* SubtitleLine.swift */; settings = {ASSET_TAGS = (); }; };
/* End PBXBuildFile section */

/* Begin PBXContainerItemProxy section */
		D343D1311BB400730084323B /* PBXContainerItemProxy */ = {
			isa = PBXContainerItemProxy;
			containerPortal = D343D1171BB400730084323B /* Project object */;
			proxyType = 1;
			remoteGlobalIDString = D343D11E1BB400730084323B;
			remoteInfo = Subrip;
		};
/* End PBXContainerItemProxy section */

/* Begin PBXFileReference section */
		D343D11F1BB400730084323B /* Subrip.app */ = {isa = PBXFileReference; explicitFileType = wrapper.application; includeInIndex = 0; path = Subrip.app; sourceTree = BUILT_PRODUCTS_DIR; };
		D343D1221BB400730084323B /* AppDelegate.swift */ = {isa = PBXFileReference; lastKnownFileType = sourcecode.swift; path = AppDelegate.swift; sourceTree = "<group>"; };
		D343D1241BB400730084323B /* ViewController.swift */ = {isa = PBXFileReference; lastKnownFileType = sourcecode.swift; path = ViewController.swift; sourceTree = "<group>"; };
		D343D1261BB400730084323B /* Assets.xcassets */ = {isa = PBXFileReference; lastKnownFileType = folder.assetcatalog; path = Assets.xcassets; sourceTree = "<group>"; };
		D343D1291BB400730084323B /* Base */ = {isa = PBXFileReference; lastKnownFileType = file.storyboard; name = Base; path = Base.lproj/Main.storyboard; sourceTree = "<group>"; };
		D343D12B1BB400730084323B /* Info.plist */ = {isa = PBXFileReference; lastKnownFileType = text.plist.xml; path = Info.plist; sourceTree = "<group>"; };
		D343D1301BB400730084323B /* SubripTests.xctest */ = {isa = PBXFileReference; explicitFileType = wrapper.cfbundle; includeInIndex = 0; path = SubripTests.xctest; sourceTree = BUILT_PRODUCTS_DIR; };
		D343D1341BB400730084323B /* SubripTests.swift */ = {isa = PBXFileReference; lastKnownFileType = sourcecode.swift; path = SubripTests.swift; sourceTree = "<group>"; };
		D343D1361BB400730084323B /* Info.plist */ = {isa = PBXFileReference; lastKnownFileType = text.plist.xml; path = Info.plist; sourceTree = "<group>"; };
		D343D13F1BB410F70084323B /* SubtitleConverter.swift */ = {isa = PBXFileReference; fileEncoding = 4; lastKnownFileType = sourcecode.swift; path = SubtitleConverter.swift; sourceTree = "<group>"; };
		D343D1411BB413650084323B /* SubtitleLine.swift */ = {isa = PBXFileReference; fileEncoding = 4; lastKnownFileType = sourcecode.swift; path = SubtitleLine.swift; sourceTree = "<group>"; };
/* End PBXFileReference section */

/* Begin PBXFrameworksBuildPhase section */
		D343D11C1BB400730084323B /* Frameworks */ = {
			isa = PBXFrameworksBuildPhase;
			buildActionMask = 2147483647;
			files = (
			);
			runOnlyForDeploymentPostprocessing = 0;
		};
		D343D12D1BB400730084323B /* Frameworks */ = {
			isa = PBXFrameworksBuildPhase;
			buildActionMask = 2147483647;
			files = (
			);
			runOnlyForDeploymentPostprocessing = 0;
		};
/* End PBXFrameworksBuildPhase section */

/* Begin PBXGroup section */
		D343D1161BB400730084323B = {
			isa = PBXGroup;
			children = (
				D343D1211BB400730084323B /* Subrip */,
				D343D1331BB400730084323B /* SubripTests */,
				D343D1201BB400730084323B /* Products */,
			);
			sourceTree = "<group>";
		};
		D343D1201BB400730084323B /* Products */ = {
			isa = PBXGroup;
			children = (
				D343D11F1BB400730084323B /* Subrip.app */,
				D343D1301BB400730084323B /* SubripTests.xctest */,
			);
			name = Products;
			sourceTree = "<group>";
		};
		D343D1211BB400730084323B /* Subrip */ = {
			isa = PBXGroup;
			children = (
				D343D1221BB400730084323B /* AppDelegate.swift */,
				D343D1241BB400730084323B /* ViewController.swift */,
				D343D1261BB400730084323B /* Assets.xcassets */,
				D343D1281BB400730084323B /* Main.storyboard */,
				D343D12B1BB400730084323B /* Info.plist */,
				D343D13F1BB410F70084323B /* SubtitleConverter.swift */,
				D343D1411BB413650084323B /* SubtitleLine.swift */,
			);
			path = Subrip;
			sourceTree = "<group>";
		};
		D343D1331BB400730084323B /* SubripTests */ = {
			isa = PBXGroup;
			children = (
				D343D1341BB400730084323B /* SubripTests.swift */,
				D343D1361BB400730084323B /* Info.plist */,
			);
			path = SubripTests;
			sourceTree = "<group>";
		};
/* End PBXGroup section */

/* Begin PBXNativeTarget section */
		D343D11E1BB400730084323B /* Subrip */ = {
			isa = PBXNativeTarget;
			buildConfigurationList = D343D1391BB400730084323B /* Build configuration list for PBXNativeTarget "Subrip" */;
			buildPhases = (
				D343D11B1BB400730084323B /* Sources */,
				D343D11C1BB400730084323B /* Frameworks */,
				D343D11D1BB400730084323B /* Resources */,
			);
			buildRules = (
			);
			dependencies = (
			);
			name = Subrip;
			productName = Subrip;
			productReference = D343D11F1BB400730084323B /* Subrip.app */;
			productType = "com.apple.product-type.application";
		};
		D343D12F1BB400730084323B /* SubripTests */ = {
			isa = PBXNativeTarget;
			buildConfigurationList = D343D13C1BB400730084323B /* Build configuration list for PBXNativeTarget "SubripTests" */;
			buildPhases = (
				D343D12C1BB400730084323B /* Sources */,
				D343D12D1BB400730084323B /* Frameworks */,
				D343D12E1BB400730084323B /* Resources */,
			);
			buildRules = (
			);
			dependencies = (
				D343D1321BB400730084323B /* PBXTargetDependency */,
			);
			name = SubripTests;
			productName = SubripTests;
			productReference = D343D1301BB400730084323B /* SubripTests.xctest */;
			productType = "com.apple.product-type.bundle.unit-test";
		};
/* End PBXNativeTarget section */

/* Begin PBXProject section */
		D343D1171BB400730084323B /* Project object */ = {
			isa = PBXProject;
			attributes = {
				LastUpgradeCheck = 0700;
				ORGANIZATIONNAME = "SunLine Technologies";
				TargetAttributes = {
					D343D11E1BB400730084323B = {
						CreatedOnToolsVersion = 7.0;
					};
					D343D12F1BB400730084323B = {
						CreatedOnToolsVersion = 7.0;
						TestTargetID = D343D11E1BB400730084323B;
					};
				};
			};
			buildConfigurationList = D343D11A1BB400730084323B /* Build configuration list for PBXProject "Subrip" */;
			compatibilityVersion = "Xcode 3.2";
			developmentRegion = English;
			hasScannedForEncodings = 0;
			knownRegions = (
				en,
				Base,
			);
			mainGroup = D343D1161BB400730084323B;
			productRefGroup = D343D1201BB400730084323B /* Products */;
			projectDirPath = "";
			projectRoot = "";
			targets = (
				D343D11E1BB400730084323B /* Subrip */,
				D343D12F1BB400730084323B /* SubripTests */,
			);
		};
/* End PBXProject section */

/* Begin PBXResourcesBuildPhase section */
		D343D11D1BB400730084323B /* Resources */ = {
			isa = PBXResourcesBuildPhase;
			buildActionMask = 2147483647;
			files = (
				D343D1271BB400730084323B /* Assets.xcassets in Resources */,
				D343D12A1BB400730084323B /* Main.storyboard in Resources */,
			);
			runOnlyForDeploymentPostprocessing = 0;
		};
		D343D12E1BB400730084323B /* Resources */ = {
			isa = PBXResourcesBuildPhase;
			buildActionMask = 2147483647;
			files = (
			);
			runOnlyForDeploymentPostprocessing = 0;
		};
/* End PBXResourcesBuildPhase section */

/* Begin PBXSourcesBuildPhase section */
		D343D11B1BB400730084323B /* Sources */ = {
			isa = PBXSourcesBuildPhase;
			buildActionMask = 2147483647;
			files = (
				D343D1251BB400730084323B /* ViewController.swift in Sources */,
				D343D1421BB413650084323B /* SubtitleLine.swift in Sources */,
				D343D1401BB410F70084323B /* SubtitleConverter.swift in Sources */,
				D343D1231BB400730084323B /* AppDelegate.swift in Sources */,
			);
			runOnlyForDeploymentPostprocessing = 0;
		};
		D343D12C1BB400730084323B /* Sources */ = {
			isa = PBXSourcesBuildPhase;
			buildActionMask = 2147483647;
			files = (
				D343D1351BB400730084323B /* SubripTests.swift in Sources */,
			);
			runOnlyForDeploymentPostprocessing = 0;
		};
/* End PBXSourcesBuildPhase section */

/* Begin PBXTargetDependency section */
		D343D1321BB400730084323B /* PBXTargetDependency */ = {
			isa = PBXTargetDependency;
			target = D343D11E1BB400730084323B /* Subrip */;
			targetProxy = D343D1311BB400730084323B /* PBXContainerItemProxy */;
		};
/* End PBXTargetDependency section */

/* Begin PBXVariantGroup section */
		D343D1281BB400730084323B /* Main.storyboard */ = {
			isa = PBXVariantGroup;
			children = (
				D343D1291BB400730084323B /* Base */,
			);
			name = Main.storyboard;
			sourceTree = "<group>";
		};
/* End PBXVariantGroup section */

/* Begin XCBuildConfiguration section */
		D343D1371BB400730084323B /* Debug */ = {
			isa = XCBuildConfiguration;
			buildSettings = {
				ALWAYS_SEARCH_USER_PATHS = NO;
				CLANG_CXX_LANGUAGE_STANDARD = "gnu++0x";
				CLANG_CXX_LIBRARY = "libc++";
				CLANG_ENABLE_MODULES = YES;
				CLANG_ENABLE_OBJC_ARC = YES;
				CLANG_WARN_BOOL_CONVERSION = YES;
				CLANG_WARN_CONSTANT_CONVERSION = YES;
				CLANG_WARN_DIRECT_OBJC_ISA_USAGE = YES_ERROR;
				CLANG_WARN_EMPTY_BODY = YES;
				CLANG_WARN_ENUM_CONVERSION = YES;
				CLANG_WARN_INT_CONVERSION = YES;
				CLANG_WARN_OBJC_ROOT_CLASS = YES_ERROR;
				CLANG_WARN_UNREACHABLE_CODE = YES;
				CLANG_WARN__DUPLICATE_METHOD_MATCH = YES;
				CODE_SIGN_IDENTITY = "-";
				COPY_PHASE_STRIP = NO;
				DEBUG_INFORMATION_FORMAT = dwarf;
				ENABLE_STRICT_OBJC_MSGSEND = YES;
				ENABLE_TESTABILITY = YES;
				GCC_C_LANGUAGE_STANDARD = gnu99;
				GCC_DYNAMIC_NO_PIC = NO;
				GCC_NO_COMMON_BLOCKS = YES;
				GCC_OPTIMIZATION_LEVEL = 0;
				GCC_PREPROCESSOR_DEFINITIONS = (
					"DEBUG=1",
					"$(inherited)",
				);
				GCC_WARN_64_TO_32_BIT_CONVERSION = YES;
				GCC_WARN_ABOUT_RETURN_TYPE = YES_ERROR;
				GCC_WARN_UNDECLARED_SELECTOR = YES;
				GCC_WARN_UNINITIALIZED_AUTOS = YES_AGGRESSIVE;
				GCC_WARN_UNUSED_FUNCTION = YES;
				GCC_WARN_UNUSED_VARIABLE = YES;
				MACOSX_DEPLOYMENT_TARGET = 10.11;
				MTL_ENABLE_DEBUG_INFO = YES;
				ONLY_ACTIVE_ARCH = YES;
				SDKROOT = macosx;
				SWIFT_OPTIMIZATION_LEVEL = "-Onone";
			};
			name = Debug;
		};
		D343D1381BB400730084323B /* Release */ = {
			isa = XCBuildConfiguration;
			buildSettings = {
				ALWAYS_SEARCH_USER_PATHS = NO;
				CLANG_CXX_LANGUAGE_STANDARD = "gnu++0x";
				CLANG_CXX_LIBRARY = "libc++";
				CLANG_ENABLE_MODULES = YES;
				CLANG_ENABLE_OBJC_ARC = YES;
				CLANG_WARN_BOOL_CONVERSION = YES;
				CLANG_WARN_CONSTANT_CONVERSION = YES;
				CLANG_WARN_DIRECT_OBJC_ISA_USAGE = YES_ERROR;
				CLANG_WARN_EMPTY_BODY = YES;
				CLANG_WARN_ENUM_CONVERSION = YES;
				CLANG_WARN_INT_CONVERSION = YES;
				CLANG_WARN_OBJC_ROOT_CLASS = YES_ERROR;
				CLANG_WARN_UNREACHABLE_CODE = YES;
				CLANG_WARN__DUPLICATE_METHOD_MATCH = YES;
				CODE_SIGN_IDENTITY = "-";
				COPY_PHASE_STRIP = NO;
				DEBUG_INFORMATION_FORMAT = "dwarf-with-dsym";
				ENABLE_NS_ASSERTIONS = NO;
				ENABLE_STRICT_OBJC_MSGSEND = YES;
				GCC_C_LANGUAGE_STANDARD = gnu99;
				GCC_NO_COMMON_BLOCKS = YES;
				GCC_WARN_64_TO_32_BIT_CONVERSION = YES;
				GCC_WARN_ABOUT_RETURN_TYPE = YES_ERROR;
				GCC_WARN_UNDECLARED_SELECTOR = YES;
				GCC_WARN_UNINITIALIZED_AUTOS = YES_AGGRESSIVE;
				GCC_WARN_UNUSED_FUNCTION = YES;
				GCC_WARN_UNUSED_VARIABLE = YES;
				MACOSX_DEPLOYMENT_TARGET = 10.11;
				MTL_ENABLE_DEBUG_INFO = NO;
				SDKROOT = macosx;
			};
			name = Release;
		};
		D343D13A1BB400730084323B /* Debug */ = {
			isa = XCBuildConfiguration;
			buildSettings = {
				ASSETCATALOG_COMPILER_APPICON_NAME = AppIcon;
				COMBINE_HIDPI_IMAGES = YES;
				INFOPLIST_FILE = Subrip/Info.plist;
				LD_RUNPATH_SEARCH_PATHS = "$(inherited) @executable_path/../Frameworks";
				PRODUCT_BUNDLE_IDENTIFIER = net.sltch.Subrip;
				PRODUCT_NAME = "$(TARGET_NAME)";
			};
			name = Debug;
		};
		D343D13B1BB400730084323B /* Release */ = {
			isa = XCBuildConfiguration;
			buildSettings = {
				ASSETCATALOG_COMPILER_APPICON_NAME = AppIcon;
				COMBINE_HIDPI_IMAGES = YES;
				INFOPLIST_FILE = Subrip/Info.plist;
				LD_RUNPATH_SEARCH_PATHS = "$(inherited) @executable_path/../Frameworks";
				PRODUCT_BUNDLE_IDENTIFIER = net.sltch.Subrip;
				PRODUCT_NAME = "$(TARGET_NAME)";
			};
			name = Release;
		};
		D343D13D1BB400730084323B /* Debug */ = {
			isa = XCBuildConfiguration;
			buildSettings = {
				BUNDLE_LOADER = "$(TEST_HOST)";
				COMBINE_HIDPI_IMAGES = YES;
				INFOPLIST_FILE = SubripTests/Info.plist;
				LD_RUNPATH_SEARCH_PATHS = "$(inherited) @executable_path/../Frameworks @loader_path/../Frameworks";
				PRODUCT_BUNDLE_IDENTIFIER = net.sltch.SubripTests;
				PRODUCT_NAME = "$(TARGET_NAME)";
				TEST_HOST = "$(BUILT_PRODUCTS_DIR)/Subrip.app/Contents/MacOS/Subrip";
			};
			name = Debug;
		};
		D343D13E1BB400730084323B /* Release */ = {
			isa = XCBuildConfiguration;
			buildSettings = {
				BUNDLE_LOADER = "$(TEST_HOST)";
				COMBINE_HIDPI_IMAGES = YES;
				INFOPLIST_FILE = SubripTests/Info.plist;
				LD_RUNPATH_SEARCH_PATHS = "$(inherited) @executable_path/../Frameworks @loader_path/../Frameworks";
				PRODUCT_BUNDLE_IDENTIFIER = net.sltch.SubripTests;
				PRODUCT_NAME = "$(TARGET_NAME)";
				TEST_HOST = "$(BUILT_PRODUCTS_DIR)/Subrip.app/Contents/MacOS/Subrip";
			};
			name = Release;
		};
/* End XCBuildConfiguration section */

/* Begin XCConfigurationList section */
		D343D11A1BB400730084323B /* Build configuration list for PBXProject "Subrip" */ = {
			isa = XCConfigurationList;
			buildConfigurations = (
				D343D1371BB400730084323B /* Debug */,
				D343D1381BB400730084323B /* Release */,
			);
			defaultConfigurationIsVisible = 0;
			defaultConfigurationName = Release;
		};
		D343D1391BB400730084323B /* Build configuration list for PBXNativeTarget "Subrip" */ = {
			isa = XCConfigurationList;
			buildConfigurations = (
				D343D13A1BB400730084323B /* Debug */,
				D343D13B1BB400730084323B /* Release */,
			);
			defaultConfigurationIsVisible = 0;
			defaultConfigurationName = Release;
		};
		D343D13C1BB400730084323B /* Build configuration list for PBXNativeTarget "SubripTests" */ = {
			isa = XCConfigurationList;
			buildConfigurations = (
				D343D13D1BB400730084323B /* Debug */,
				D343D13E1BB400730084323B /* Release */,
			);
			defaultConfigurationIsVisible = 0;
			defaultConfigurationName = Release;
		};
/* End XCConfigurationList section */
	};
	rootObject = D343D1171BB400730084323B /* Project object */;
}
